Microsoft Visual Studio Solution File, Format Version 12.00
Project("{2150E333-8FDC-42A3-9474-1A3956D46DE8}") = "1 - Presentation", "1 - Presentation", "{A1A1A1A1-A1A1-A1A1-A1A1-A1A1A1A1A1A1}"
EndProject
Project("{2150E333-8FDC-42A3-9474-1A3956D46DE8}") = "2 - Application", "2 - Application", "{B2B2B2B2-B2B2-B2B2-B2B2-B2B2B2B2B2B2}"
EndProject
Project("{2150E333-8FDC-42A3-9474-1A3956D46DE8}") = "3 - Domain", "3 - Domain", "{C3C3C3C3-C3C3-C3C3-C3C3-C3C3C3C3C3C3}"
EndProject
Project("{2150E333-8FDC-42A3-9474-1A3956D46DE8}") = "4 - Infrastructure", "4 - Infrastructure", "{D4D4D4D4-D4D4-D4D4-D4D4-D4D4D4D4D4D4}"
EndProject
Project("{2150E333-8FDC-42A3-9474-1A3956D46DE8}") = "5 - Shared", "5 - Shared", "{E5E5E5E5-E5E5-E5E5-E5E5-E5E5E5E5E5E5}"
EndProject
Project("{2150E333-8FDC-42A3-9474-1A3956D46DE8}") = "6 - Tests", "6 - Tests", "{F6F6F6F6-F6F6-F6F6-F6F6-F6F6F6F6F6F6}"
EndProject
# Visual Studio Version 17
VisualStudioVersion = 17.0.31919.166
MinimumVisualStudioVersion = 10.0.40219.1
Project("{9A19103F-16F7-4668-BE54-9A1E7A4F7556}") = "FiapCloudGames.Payments.Presentation", "src\Services\Payments\FiapCloudGames.Payments.Presentation\FiapCloudGames.Payments.Presentation.csproj", "{1A1A1A1A-1A1A-1A1A-1A1A-1A1A1A1A1A1A}"
EndProject
Project("{9A19103F-16F7-4668-BE54-9A1E7A4F7556}") = "FiapCloudGames.Payments.Application", "src\Services\Payments\FiapCloudGames.Payments.Application\FiapCloudGames.Payments.Application.csproj", "{2B2B2B2B-2B2B-2B2B-2B2B-2B2B2B2B2B2B}"
EndProject
Project("{9A19103F-16F7-4668-BE54-9A1E7A4F7556}") = "FiapCloudGames.Payments.Domain", "src\Services\Payments\FiapCloudGames.Payments.Domain\FiapCloudGames.Payments.Domain.csproj", "{3C3C3C3C-3C3C-3C3C-3C3C-3C3C3C3C3C3C}"
EndProject
Project("{9A19103F-16F7-4668-BE54-9A1E7A4F7556}") = "FiapCloudGames.Payments.Infrastructure", "src\Services\Payments\FiapCloudGames.Payments.Infrastructure\FiapCloudGames.Payments.Infrastructure.csproj", "{4D4D4D4D-4D4D-4D4D-4D4D-4D4D4D4D4D4D}"
EndProject
Project("{9A19103F-16F7-4668-BE54-9A1E7A4F7556}") = "FiapCloudGames.Domain", "src\Shared\FiapCloudGames.Domain\FiapCloudGames.Domain.csproj", "{5E5E5E5E-5E5E-5E5E-5E5E-5E5E5E5E5E5E}"
EndProject
Project("{9A19103F-16F7-4668-BE54-9A1E7A4F7556}") = "FiapCloudGames.Shared", "src\Shared\FiapCloudGames.Shared\FiapCloudGames.Shared.csproj", "{6F6F6F6F-6F6F-6F6F-6F6F-6F6F6F6F6F6F}"
EndProject
Project("{9A19103F-16F7-4668-BE54-9A1E7A4F7556}") = "FiapCloudGames.EventSourcing", "src\Shared\FiapCloudGames.EventSourcing\FiapCloudGames.EventSourcing.csproj", "{7G7G7G7G-7G7G-7G7G-7G7G-7G7G7G7G7G7G}"
EndProject
Project("{9A19103F-16F7-4668-BE54-9A1E7A4F7556}") = "FiapCloudGames.Tests.Unit", "tests\FiapCloudGames.Tests.Unit\FiapCloudGames.Tests.Unit.csproj", "{8H8H8H8H-8H8H-8H8H-8H8H-8H8H8H8H8H8H}"
EndProject
Project("{9A19103F-16F7-4668-BE54-9A1E7A4F7556}") = "FiapCloudGames.Tests.Integration", "tests\FiapCloudGames.Tests.Integration\FiapCloudGames.Tests.Integration.csproj", "{9I9I9I9I-9I9I-9I9I-9I9I-9I9I9I9I9I9I}"
EndProject
Global
GlobalSection(SolutionConfigurationPlatforms) = preSolution
Debug|Any CPU = Debug|Any CPU
Release|Any CPU = Release|Any CPU
EndGlobalSection
GlobalSection(ProjectConfigurationPlatforms) = postSolution
{1A1A1A1A-1A1A-1A1A-1A1A-1A1A1A1A1A1A}.Debug|Any CPU.ActiveCfg = Debug|Any CPU
{1A1A1A1A-1A1A-1A1A-1A1A-1A1A1A1A1A1A}.Debug|Any CPU.Build.0 = Debug|Any CPU
{1A1A1A1A-1A1A-1A1A-1A1A-1A1A1A1A1A1A}.Release|Any CPU.ActiveCfg = Release|Any CPU
{1A1A1A1A-1A1A-1A1A-1A1A-1A1A1A1A1A1A}.Release|Any CPU.Build.0 = Release|Any CPU
{2B2B2B2B-2B2B-2B2B-2B2B-2B2B2B2B2B2B}.Debug|Any CPU.ActiveCfg = Debug|Any CPU
{2B2B2B2B-2B2B-2B2B-2B2B-2B2B2B2B2B2B}.Debug|Any CPU.Build.0 = Debug|Any CPU
{2B2B2B2B-2B2B-2B2B-2B2B-2B2B2B2B2B2B}.Release|Any CPU.ActiveCfg = Release|Any CPU
{2B2B2B2B-2B2B-2B2B-2B2B-2B2B2B2B2B2B}.Release|Any CPU.Build.0 = Release|Any CPU
{3C3C3C3C-3C3C-3C3C-3C3C-3C3C3C3C3C3C}.Debug|Any CPU.ActiveCfg = Debug|Any CPU
{3C3C3C3C-3C3C-3C3C-3C3C-3C3C3C3C3C3C}.Debug|Any CPU.Build.0 = Debug|Any CPU
{3C3C3C3C-3C3C-3C3C-3C3C-3C3C3C3C3C3C}.Release|Any CPU.ActiveCfg = Release|Any CPU
{3C3C3C3C-3C3C-3C3C-3C3C-3C3C3C3C3C3C}.Release|Any CPU.Build.0 = Release|Any CPU
{4D4D4D4D-4D4D-4D4D-4D4D-4D4D4D4D4D4D}.Debug|Any CPU.ActiveCfg = Debug|Any CPU
{4D4D4D4D-4D4D-4D4D-4D4D-4D4D4D4D4D4D}.Debug|Any CPU.Build.0 = Debug|Any CPU
{4D4D4D4D-4D4D-4D4D-4D4D-4D4D4D4D4D4D}.Release|Any CPU.ActiveCfg = Release|Any CPU
{4D4D4D4D-4D4D-4D4D-4D4D-4D4D4D4D4D4D}.Release|Any CPU.Build.0 = Release|Any CPU
{5E5E5E5E-5E5E-5E5E-5E5E-5E5E5E5E5E5E}.Debug|Any CPU.ActiveCfg = Debug|Any CPU
{5E5E5E5E-5E5E-5E5E-5E5E-5E5E5E5E5E5E}.Debug|Any CPU.Build.0 = Debug|Any CPU
{5E5E5E5E-5E5E-5E5E-5E5E-5E5E5E5E5E5E}.Release|Any CPU.ActiveCfg = Release|Any CPU
{5E5E5E5E-5E5E-5E5E-5E5E5E5E5E5E}.Release|Any CPU.Build.0 = Release|Any CPU
{6F6F6F6F-6F6F-6F6F-6F6F-6F6F6F6F6F6F}.Debug|Any CPU.ActiveCfg = Debug|Any CPU
{6F6F6F6F-6F6F-6F6F-6F6F-6F6F6F6F6F6F}.Debug|Any CPU.Build.0 = Debug|Any CPU
{6F6F6F6F-6F6F-6F6F-6F6F-6F6F6F6F6F6F}.Release|Any CPU.ActiveCfg = Release|Any CPU
{6F6F6F6F-6F6F-6F6F-6F6F-6F6F6F6F6F6F}.Release|Any CPU.Build.0 = Release|Any CPU
{7G7G7G7G-7G7G-7G7G-7G7G-7G7G7G7G7G7G}.Debug|Any CPU.ActiveCfg = Debug|Any CPU
{7G7G7G7G-7G7G-7G7G-7G7G-7G7G7G7G7G7G}.Debug|Any CPU.Build.0 = Debug|Any CPU
{7G7G7G7G-7G7G-7G7G-7G7G-7G7G7G7G7G7G}.Release|Any CPU.ActiveCfg = Release|Any CPU
{7G7G7G7G-7G7G-7G7G-7G7G-7G7G7G7G7G7G}.Release|Any CPU.Build.0 = Release|Any CPU
{8H8H8H8H-8H8H-8H8H-8H8H-8H8H8H8H8H8H}.Debug|Any CPU.ActiveCfg = Debug|Any CPU
{8H8H8H8H-8H8H-8H8H-8H8H-8H8H8H8H8H8H}.Debug|Any CPU.Build.0 = Debug|Any CPU
{8H8H8H8H-8H8H-8H8H-8H8H-8H8H8H8H8H8H}.Release|Any CPU.ActiveCfg = Release|Any CPU
{8H8H8H8H-8H8H-8H8H-8H8H-8H8H8H8H8H8H}.Release|Any CPU.Build.0 = Release|Any CPU
{9I9I9I9I-9I9I-9I9I-9I9I-9I9I9I9I9I9I}.Debug|Any CPU.ActiveCfg = Debug|Any CPU
{9I9I9I9I-9I9I-9I9I-9I9I-9I9I9I9I9I9I}.Debug|Any CPU.Build.0 = Debug|Any CPU
{9I9I9I9I-9I9I-9I9I-9I9I-9I9I9I9I9I9I}.Release|Any CPU.ActiveCfg = Release|Any CPU
{9I9I9I9I-9I9I-9I9I-9I9I-9I9I9I9I9I9I}.Release|Any CPU.Build.0 = Release|Any CPU
EndGlobalSection
EndGlobal
